// !$*UTF8*$!
{
	archiveVersion = 1;
	classes = {
	};
	objectVersion = 52;
	objects = {

/* Begin PBXBuildFile section */
		A90B921A269E5BEB00F30867 /* AccountsController.swift in Sources */ = {isa = PBXBuildFile; fileRef = A90B9219269E5BEB00F30867 /* AccountsController.swift */; };
		A90B921C269E5C1000F30867 /* AuthenticationProvider.swift in Sources */ = {isa = PBXBuildFile; fileRef = A90B921B269E5C1000F30867 /* AuthenticationProvider.swift */; };
		A90B921E269E5D4C00F30867 /* Account.swift in Sources */ = {isa = PBXBuildFile; fileRef = A90B921D269E5D4C00F30867 /* Account.swift */; };
		A90B9220269E5D9700F30867 /* Asana.swift in Sources */ = {isa = PBXBuildFile; fileRef = A90B921F269E5D9700F30867 /* Asana.swift */; };
		A90B9225269E620400F30867 /* ContextBrowserViewController.swift in Sources */ = {isa = PBXBuildFile; fileRef = A90B9224269E620400F30867 /* ContextBrowserViewController.swift */; };
		A90B9227269E624900F30867 /* ContextPickerViewController.swift in Sources */ = {isa = PBXBuildFile; fileRef = A90B9226269E624900F30867 /* ContextPickerViewController.swift */; };
		A90B9229269E626000F30867 /* ContextPickerItemView.swift in Sources */ = {isa = PBXBuildFile; fileRef = A90B9228269E626000F30867 /* ContextPickerItemView.swift */; };
		A90B922B269E674400F30867 /* HeadlessTabViewController.swift in Sources */ = {isa = PBXBuildFile; fileRef = A90B922A269E674400F30867 /* HeadlessTabViewController.swift */; };
		A90B922D269E68A900F30867 /* ContextBrowserView.swift in Sources */ = {isa = PBXBuildFile; fileRef = A90B922C269E68A900F30867 /* ContextBrowserView.swift */; };
		A90B9230269E710700F30867 /* OnboardingViewController.swift in Sources */ = {isa = PBXBuildFile; fileRef = A90B922F269E710700F30867 /* OnboardingViewController.swift */; };
		A90B9232269E723000F30867 /* OnboardingView.swift in Sources */ = {isa = PBXBuildFile; fileRef = A90B9231269E723000F30867 /* OnboardingView.swift */; };
		A90B9234269E74C500F30867 /* OnboardingConnectButton.swift in Sources */ = {isa = PBXBuildFile; fileRef = A90B9233269E74C500F30867 /* OnboardingConnectButton.swift */; };
		A912E34D26A37F92003CE4D6 /* AsanaEntityContext.swift in Sources */ = {isa = PBXBuildFile; fileRef = A912E34C26A37F92003CE4D6 /* AsanaEntityContext.swift */; };
		A912E34F26A37FCB003CE4D6 /* AsanaAuthenticatedAPI.swift in Sources */ = {isa = PBXBuildFile; fileRef = A912E34E26A37FCB003CE4D6 /* AsanaAuthenticatedAPI.swift */; };
		A912E35126A380F6003CE4D6 /* Backend.swift in Sources */ = {isa = PBXBuildFile; fileRef = A912E35026A380F6003CE4D6 /* Backend.swift */; };
		A912E35326A3845E003CE4D6 /* EntityContext.swift in Sources */ = {isa = PBXBuildFile; fileRef = A912E35226A3845E003CE4D6 /* EntityContext.swift */; };
		A912E35626A3996F003CE4D6 /* AsanaContextPrepareOperation.swift in Sources */ = {isa = PBXBuildFile; fileRef = A912E35526A3996F003CE4D6 /* AsanaContextPrepareOperation.swift */; };
		A912E35826A3A3F6003CE4D6 /* AsynchronousOperation.swift in Sources */ = {isa = PBXBuildFile; fileRef = A912E35726A3A3F6003CE4D6 /* AsynchronousOperation.swift */; };
		A912E35B26A3A501003CE4D6 /* AsanaAPIRequest.swift in Sources */ = {isa = PBXBuildFile; fileRef = A912E35A26A3A501003CE4D6 /* AsanaAPIRequest.swift */; };
		A912E35E26A3A537003CE4D6 /* AsanaUser.swift in Sources */ = {isa = PBXBuildFile; fileRef = A912E35D26A3A537003CE4D6 /* AsanaUser.swift */; };
		A912E36026A3A9C3003CE4D6 /* AsynchronousFailableOperation.swift in Sources */ = {isa = PBXBuildFile; fileRef = A912E35F26A3A9C3003CE4D6 /* AsynchronousFailableOperation.swift */; };
		A912E36226A3B394003CE4D6 /* LoadingViewController.swift in Sources */ = {isa = PBXBuildFile; fileRef = A912E36126A3B394003CE4D6 /* LoadingViewController.swift */; };
		A928DFCD2696887100E583C6 /* TaskCardSelectionView.swift in Sources */ = {isa = PBXBuildFile; fileRef = A928DFCC2696887100E583C6 /* TaskCardSelectionView.swift */; };
		A928DFCF26968B9D00E583C6 /* KanbanColumnCollectionViewDelegate.swift in Sources */ = {isa = PBXBuildFile; fileRef = A928DFCE26968B9D00E583C6 /* KanbanColumnCollectionViewDelegate.swift */; };
		A928DFD126968D2500E583C6 /* TaskCardView.swift in Sources */ = {isa = PBXBuildFile; fileRef = A928DFD026968D2500E583C6 /* TaskCardView.swift */; };
		A9391683268FE57D00FD0652 /* zeynep.jpg in Resources */ = {isa = PBXBuildFile; fileRef = A9391682268FE57D00FD0652 /* zeynep.jpg */; };
		A9391685268FE58A00FD0652 /* umur.jpeg in Resources */ = {isa = PBXBuildFile; fileRef = A9391684268FE58A00FD0652 /* umur.jpeg */; };
		A9391699268FEFD700FD0652 /* AppDelegate.swift in Sources */ = {isa = PBXBuildFile; fileRef = A9391698268FEFD700FD0652 /* AppDelegate.swift */; };
		A939169D268FEFD900FD0652 /* Assets.xcassets in Resources */ = {isa = PBXBuildFile; fileRef = A939169C268FEFD900FD0652 /* Assets.xcassets */; };
		A93916A0268FEFD900FD0652 /* Main.storyboard in Resources */ = {isa = PBXBuildFile; fileRef = A939169E268FEFD900FD0652 /* Main.storyboard */; };
		A93916A8268FF01100FD0652 /* Initialization.swift in Sources */ = {isa = PBXBuildFile; fileRef = A93916A7268FF01100FD0652 /* Initialization.swift */; };
		A93916C1268FF25800FD0652 /* SnapKit in Frameworks */ = {isa = PBXBuildFile; productRef = A93916C0268FF25800FD0652 /* SnapKit */; };
		A93916C6268FF5A100FD0652 /* Nuke in Frameworks */ = {isa = PBXBuildFile; productRef = A93916C5268FF5A100FD0652 /* Nuke */; };
		A93916C8268FF69900FD0652 /* UserInterfaceIdentifiable.swift in Sources */ = {isa = PBXBuildFile; fileRef = A93916C7268FF69900FD0652 /* UserInterfaceIdentifiable.swift */; };
		A93916CB268FF8A700FD0652 /* TaskCardItem.swift in Sources */ = {isa = PBXBuildFile; fileRef = A93916CA268FF8A700FD0652 /* TaskCardItem.swift */; };
		A93916CD268FF8D300FD0652 /* KanbanViewController.swift in Sources */ = {isa = PBXBuildFile; fileRef = A93916CC268FF8D300FD0652 /* KanbanViewController.swift */; };
		A93916D1268FF98300FD0652 /* ImageView.swift in Sources */ = {isa = PBXBuildFile; fileRef = A93916D0268FF98300FD0652 /* ImageView.swift */; };
		A93916D42690A31500FD0652 /* BrowserViewController.swift in Sources */ = {isa = PBXBuildFile; fileRef = A93916D32690A31500FD0652 /* BrowserViewController.swift */; };
		A93916D62690A35A00FD0652 /* SideNavigationController.swift in Sources */ = {isa = PBXBuildFile; fileRef = A93916D52690A35A00FD0652 /* SideNavigationController.swift */; };
		A93916D82690A3A900FD0652 /* Popup.swift in Sources */ = {isa = PBXBuildFile; fileRef = A93916D72690A3A900FD0652 /* Popup.swift */; };
		A93916DB2690B21B00FD0652 /* TribalDemoContent.bundle in Resources */ = {isa = PBXBuildFile; fileRef = A939167B268FE56600FD0652 /* TribalDemoContent.bundle */; };
		A93916DD2690B22900FD0652 /* Demo.swift in Sources */ = {isa = PBXBuildFile; fileRef = A93916DC2690B22900FD0652 /* Demo.swift */; };
		A93916E52690DB8E00FD0652 /* NSView+ascender.swift in Sources */ = {isa = PBXBuildFile; fileRef = A93916E42690DB8E00FD0652 /* NSView+ascender.swift */; };
		A93916E72690E60D00FD0652 /* BrowserWindowController.swift in Sources */ = {isa = PBXBuildFile; fileRef = A93916E62690E60D00FD0652 /* BrowserWindowController.swift */; };
		A93916E92690EB3700FD0652 /* SideNavigationDataSource.swift in Sources */ = {isa = PBXBuildFile; fileRef = A93916E82690EB3700FD0652 /* SideNavigationDataSource.swift */; };
		A93916ED26912D5B00FD0652 /* KanbanBoardView.swift in Sources */ = {isa = PBXBuildFile; fileRef = A93916EC26912D5B00FD0652 /* KanbanBoardView.swift */; };
		A93916EF26912D9200FD0652 /* KanbanColumnLayout.swift in Sources */ = {isa = PBXBuildFile; fileRef = A93916EE26912D9200FD0652 /* KanbanColumnLayout.swift */; };
		A93916F126912DBF00FD0652 /* KanbanColumnHeader.swift in Sources */ = {isa = PBXBuildFile; fileRef = A93916F026912DBF00FD0652 /* KanbanColumnHeader.swift */; };
		A93916F326912DF100FD0652 /* OrientedScrollView.swift in Sources */ = {isa = PBXBuildFile; fileRef = A93916F226912DF100FD0652 /* OrientedScrollView.swift */; };
		A93916F526912E0B00FD0652 /* KanbanView.swift in Sources */ = {isa = PBXBuildFile; fileRef = A93916F426912E0B00FD0652 /* KanbanView.swift */; };
		A93916F82691300A00FD0652 /* KanbanColumnView.swift in Sources */ = {isa = PBXBuildFile; fileRef = A93916F72691300A00FD0652 /* KanbanColumnView.swift */; };
		A93916FA2691375400FD0652 /* BaseView.swift in Sources */ = {isa = PBXBuildFile; fileRef = A93916F92691375400FD0652 /* BaseView.swift */; };
		A93916FC269145D900FD0652 /* Divider.swift in Sources */ = {isa = PBXBuildFile; fileRef = A93916FB269145D900FD0652 /* Divider.swift */; };
		A93916FE2691536600FD0652 /* Background.swift in Sources */ = {isa = PBXBuildFile; fileRef = A93916FD2691536600FD0652 /* Background.swift */; };
		A93917002691E73600FD0652 /* BrowserMenu.swift in Sources */ = {isa = PBXBuildFile; fileRef = A93916FF2691E73600FD0652 /* BrowserMenu.swift */; };
		A93917042692003700FD0652 /* TaskDueLabel.swift in Sources */ = {isa = PBXBuildFile; fileRef = A93917032692003700FD0652 /* TaskDueLabel.swift */; };
		A9391706269200C300FD0652 /* NSImage+symbol.swift in Sources */ = {isa = PBXBuildFile; fileRef = A9391705269200C300FD0652 /* NSImage+symbol.swift */; };
		A93917092692254B00FD0652 /* KanbanColumnCollectionView.swift in Sources */ = {isa = PBXBuildFile; fileRef = A93917082692254B00FD0652 /* KanbanColumnCollectionView.swift */; };
		A939170B26922E8D00FD0652 /* CoreGraphics+Geometry.swift in Sources */ = {isa = PBXBuildFile; fileRef = A939170A26922E8D00FD0652 /* CoreGraphics+Geometry.swift */; };
		A93917102692470A00FD0652 /* KanbanColumnDataSource.swift in Sources */ = {isa = PBXBuildFile; fileRef = A939170F2692470A00FD0652 /* KanbanColumnDataSource.swift */; };
		A97545772696908E007CC859 /* KanbanBoard.swift in Sources */ = {isa = PBXBuildFile; fileRef = A97545762696908E007CC859 /* KanbanBoard.swift */; };
		A975457A2696910A007CC859 /* Project.swift in Sources */ = {isa = PBXBuildFile; fileRef = A97545792696910A007CC859 /* Project.swift */; };
		A975457C269691C5007CC859 /* KanbanColumn.swift in Sources */ = {isa = PBXBuildFile; fileRef = A975457B269691C5007CC859 /* KanbanColumn.swift */; };
		A9C114AF2696C90100510A9C /* BaseViewController.swift in Sources */ = {isa = PBXBuildFile; fileRef = A9C114AE2696C90100510A9C /* BaseViewController.swift */; };
		A9C114B12696CA1B00510A9C /* KanbanColumnViewController.swift in Sources */ = {isa = PBXBuildFile; fileRef = A9C114B02696CA1B00510A9C /* KanbanColumnViewController.swift */; };
		A9C114BB2696E54C00510A9C /* Workspace.swift in Sources */ = {isa = PBXBuildFile; fileRef = A9C114BA2696E54C00510A9C /* Workspace.swift */; };
		A9C114BD2696E62C00510A9C /* ContextBrowser.storyboard in Resources */ = {isa = PBXBuildFile; fileRef = A9C114BC2696E62C00510A9C /* ContextBrowser.storyboard */; };
		A9C114BF2696E81C00510A9C /* WindowCoordinator.swift in Sources */ = {isa = PBXBuildFile; fileRef = A9C114BE2696E81C00510A9C /* WindowCoordinator.swift */; };
		A9C114C22696F73800510A9C /* BrowserController.swift in Sources */ = {isa = PBXBuildFile; fileRef = A9C114C12696F73800510A9C /* BrowserController.swift */; };
		A9C114C42696F78D00510A9C /* Task.swift in Sources */ = {isa = PBXBuildFile; fileRef = A9C114C32696F78D00510A9C /* Task.swift */; };
		A9C114C62696F7A200510A9C /* TaskTag.swift in Sources */ = {isa = PBXBuildFile; fileRef = A9C114C52696F7A200510A9C /* TaskTag.swift */; };
		A9C114C82696F7AF00510A9C /* Profile.swift in Sources */ = {isa = PBXBuildFile; fileRef = A9C114C72696F7AF00510A9C /* Profile.swift */; };
		A9C114CA2696F90D00510A9C /* SideNavigationView.swift in Sources */ = {isa = PBXBuildFile; fileRef = A9C114C92696F90D00510A9C /* SideNavigationView.swift */; };
		A9C114CE2697205D00510A9C /* Observation.swift in Sources */ = {isa = PBXBuildFile; fileRef = A9C114CD2697205D00510A9C /* Observation.swift */; };
		A9C114D42697A64500510A9C /* KanbanBoardViewController.swift in Sources */ = {isa = PBXBuildFile; fileRef = A9C114D32697A64500510A9C /* KanbanBoardViewController.swift */; };
		A9C114E02698623600510A9C /* AuthenticationWindowController.swift in Sources */ = {isa = PBXBuildFile; fileRef = A9C114DF2698623600510A9C /* AuthenticationWindowController.swift */; };
		A9C114E22698626300510A9C /* AuthenticationViewController.swift in Sources */ = {isa = PBXBuildFile; fileRef = A9C114E12698626300510A9C /* AuthenticationViewController.swift */; };
		A9C114E42698A49E00510A9C /* AuthenticationController.swift in Sources */ = {isa = PBXBuildFile; fileRef = A9C114E32698A49E00510A9C /* AuthenticationController.swift */; };
		A9C114E72698A92300510A9C /* KeychainSwift in Frameworks */ = {isa = PBXBuildFile; productRef = A9C114E62698A92300510A9C /* KeychainSwift */; };
		A9C114E92698ADCC00510A9C /* AsanaAuthenticator.swift in Sources */ = {isa = PBXBuildFile; fileRef = A9C114E82698ADCC00510A9C /* AsanaAuthenticator.swift */; };
		A9C114EB2698ADE100510A9C /* AsanaAPICredentials.swift in Sources */ = {isa = PBXBuildFile; fileRef = A9C114EA2698ADE100510A9C /* AsanaAPICredentials.swift */; };
		A9C3F28E269FA4A700A1D9B6 /* ContextPickerView.swift in Sources */ = {isa = PBXBuildFile; fileRef = A9C3F28D269FA4A700A1D9B6 /* ContextPickerView.swift */; };
		A9C3F290269FAE8700A1D9B6 /* ContextBrowserWindowController.swift in Sources */ = {isa = PBXBuildFile; fileRef = A9C3F28F269FAE8700A1D9B6 /* ContextBrowserWindowController.swift */; };
		A9C3F292269FAF4500A1D9B6 /* ContextBrowserWindowToolbarDelegate.swift in Sources */ = {isa = PBXBuildFile; fileRef = A93916EA2691236200FD0652 /* ContextBrowserWindowToolbarDelegate.swift */; };
		A9C3F294269FB17E00A1D9B6 /* BaseWindowController.swift in Sources */ = {isa = PBXBuildFile; fileRef = A9C3F293269FB17E00A1D9B6 /* BaseWindowController.swift */; };
		A9C3F296269FB70500A1D9B6 /* Team.swift in Sources */ = {isa = PBXBuildFile; fileRef = A9C3F295269FB70500A1D9B6 /* Team.swift */; };
		A9F09BC72692AD0E00C8FF6B /* PinLayout in Frameworks */ = {isa = PBXBuildFile; productRef = A9F09BC62692AD0E00C8FF6B /* PinLayout */; };
/* End PBXBuildFile section */

/* Begin PBXContainerItemProxy section */
		A93916D92690B20E00FD0652 /* PBXContainerItemProxy */ = {
			isa = PBXContainerItemProxy;
			containerPortal = A9391655268FC1B300FD0652 /* Project object */;
			proxyType = 1;
			remoteGlobalIDString = A939167A268FE56600FD0652;
			remoteInfo = TribalDemoContent;
		};
/* End PBXContainerItemProxy section */

/* Begin PBXCopyFilesBuildPhase section */
		A93916E32690B38700FD0652 /* Embed Frameworks */ = {
			isa = PBXCopyFilesBuildPhase;
			buildActionMask = 2147483647;
			dstPath = "";
			dstSubfolderSpec = 10;
			files = (
			);
			name = "Embed Frameworks";
			runOnlyForDeploymentPostprocessing = 0;
		};
/* End PBXCopyFilesBuildPhase section */

/* Begin PBXFileReference section */
		A90B9219269E5BEB00F30867 /* AccountsController.swift */ = {isa = PBXFileReference; lastKnownFileType = sourcecode.swift; path = AccountsController.swift; sourceTree = "<group>"; };
		A90B921B269E5C1000F30867 /* AuthenticationProvider.swift */ = {isa = PBXFileReference; lastKnownFileType = sourcecode.swift; path = AuthenticationProvider.swift; sourceTree = "<group>"; };
		A90B921D269E5D4C00F30867 /* Account.swift */ = {isa = PBXFileReference; lastKnownFileType = sourcecode.swift; path = Account.swift; sourceTree = "<group>"; };
		A90B921F269E5D9700F30867 /* Asana.swift */ = {isa = PBXFileReference; lastKnownFileType = sourcecode.swift; path = Asana.swift; sourceTree = "<group>"; };
		A90B9224269E620400F30867 /* ContextBrowserViewController.swift */ = {isa = PBXFileReference; lastKnownFileType = sourcecode.swift; path = ContextBrowserViewController.swift; sourceTree = "<group>"; };
		A90B9226269E624900F30867 /* ContextPickerViewController.swift */ = {isa = PBXFileReference; lastKnownFileType = sourcecode.swift; path = ContextPickerViewController.swift; sourceTree = "<group>"; };
		A90B9228269E626000F30867 /* ContextPickerItemView.swift */ = {isa = PBXFileReference; lastKnownFileType = sourcecode.swift; path = ContextPickerItemView.swift; sourceTree = "<group>"; };
		A90B922A269E674400F30867 /* HeadlessTabViewController.swift */ = {isa = PBXFileReference; lastKnownFileType = sourcecode.swift; path = HeadlessTabViewController.swift; sourceTree = "<group>"; };
		A90B922C269E68A900F30867 /* ContextBrowserView.swift */ = {isa = PBXFileReference; lastKnownFileType = sourcecode.swift; path = ContextBrowserView.swift; sourceTree = "<group>"; };
		A90B922F269E710700F30867 /* OnboardingViewController.swift */ = {isa = PBXFileReference; lastKnownFileType = sourcecode.swift; path = OnboardingViewController.swift; sourceTree = "<group>"; };
		A90B9231269E723000F30867 /* OnboardingView.swift */ = {isa = PBXFileReference; lastKnownFileType = sourcecode.swift; path = OnboardingView.swift; sourceTree = "<group>"; };
		A90B9233269E74C500F30867 /* OnboardingConnectButton.swift */ = {isa = PBXFileReference; lastKnownFileType = sourcecode.swift; path = OnboardingConnectButton.swift; sourceTree = "<group>"; };
		A912E34C26A37F92003CE4D6 /* AsanaEntityContext.swift */ = {isa = PBXFileReference; lastKnownFileType = sourcecode.swift; path = AsanaEntityContext.swift; sourceTree = "<group>"; };
		A912E34E26A37FCB003CE4D6 /* AsanaAuthenticatedAPI.swift */ = {isa = PBXFileReference; lastKnownFileType = sourcecode.swift; path = AsanaAuthenticatedAPI.swift; sourceTree = "<group>"; };
		A912E35026A380F6003CE4D6 /* Backend.swift */ = {isa = PBXFileReference; lastKnownFileType = sourcecode.swift; path = Backend.swift; sourceTree = "<group>"; };
		A912E35226A3845E003CE4D6 /* EntityContext.swift */ = {isa = PBXFileReference; lastKnownFileType = sourcecode.swift; path = EntityContext.swift; sourceTree = "<group>"; };
		A912E35526A3996F003CE4D6 /* AsanaContextPrepareOperation.swift */ = {isa = PBXFileReference; lastKnownFileType = sourcecode.swift; path = AsanaContextPrepareOperation.swift; sourceTree = "<group>"; };
		A912E35726A3A3F6003CE4D6 /* AsynchronousOperation.swift */ = {isa = PBXFileReference; lastKnownFileType = sourcecode.swift; path = AsynchronousOperation.swift; sourceTree = "<group>"; };
		A912E35A26A3A501003CE4D6 /* AsanaAPIRequest.swift */ = {isa = PBXFileReference; lastKnownFileType = sourcecode.swift; path = AsanaAPIRequest.swift; sourceTree = "<group>"; };
		A912E35D26A3A537003CE4D6 /* AsanaUser.swift */ = {isa = PBXFileReference; lastKnownFileType = sourcecode.swift; path = AsanaUser.swift; sourceTree = "<group>"; };
		A912E35F26A3A9C3003CE4D6 /* AsynchronousFailableOperation.swift */ = {isa = PBXFileReference; lastKnownFileType = sourcecode.swift; path = AsynchronousFailableOperation.swift; sourceTree = "<group>"; };
		A912E36126A3B394003CE4D6 /* LoadingViewController.swift */ = {isa = PBXFileReference; lastKnownFileType = sourcecode.swift; path = LoadingViewController.swift; sourceTree = "<group>"; };
		A928DFCC2696887100E583C6 /* TaskCardSelectionView.swift */ = {isa = PBXFileReference; lastKnownFileType = sourcecode.swift; path = TaskCardSelectionView.swift; sourceTree = "<group>"; };
		A928DFCE26968B9D00E583C6 /* KanbanColumnCollectionViewDelegate.swift */ = {isa = PBXFileReference; lastKnownFileType = sourcecode.swift; path = KanbanColumnCollectionViewDelegate.swift; sourceTree = "<group>"; };
		A928DFD026968D2500E583C6 /* TaskCardView.swift */ = {isa = PBXFileReference; lastKnownFileType = sourcecode.swift; path = TaskCardView.swift; sourceTree = "<group>"; };
		A939167B268FE56600FD0652 /* TribalDemoContent.bundle */ = {isa = PBXFileReference; explicitFileType = wrapper.cfbundle; includeInIndex = 0; path = TribalDemoContent.bundle; sourceTree = BUILT_PRODUCTS_DIR; };
		A939167D268FE56600FD0652 /* Info.plist */ = {isa = PBXFileReference; lastKnownFileType = text.plist.xml; path = Info.plist; sourceTree = "<group>"; };
		A9391682268FE57D00FD0652 /* zeynep.jpg */ = {isa = PBXFileReference; lastKnownFileType = image.jpeg; path = zeynep.jpg; sourceTree = "<group>"; };
		A9391684268FE58A00FD0652 /* umur.jpeg */ = {isa = PBXFileReference; lastKnownFileType = image.jpeg; path = umur.jpeg; sourceTree = "<group>"; };
		A9391696268FEFD700FD0652 /* TribalMacOS.app */ = {isa = PBXFileReference; explicitFileType = wrapper.application; includeInIndex = 0; path = TribalMacOS.app; sourceTree = BUILT_PRODUCTS_DIR; };
		A9391698268FEFD700FD0652 /* AppDelegate.swift */ = {isa = PBXFileReference; lastKnownFileType = sourcecode.swift; path = AppDelegate.swift; sourceTree = "<group>"; };
		A939169C268FEFD900FD0652 /* Assets.xcassets */ = {isa = PBXFileReference; lastKnownFileType = folder.assetcatalog; path = Assets.xcassets; sourceTree = "<group>"; };
		A939169F268FEFD900FD0652 /* Base */ = {isa = PBXFileReference; lastKnownFileType = file.storyboard; name = Base; path = Base.lproj/Main.storyboard; sourceTree = "<group>"; };
		A93916A1268FEFD900FD0652 /* Info.plist */ = {isa = PBXFileReference; lastKnownFileType = text.plist.xml; path = Info.plist; sourceTree = "<group>"; };
		A93916A2268FEFD900FD0652 /* TribalMacOS.entitlements */ = {isa = PBXFileReference; lastKnownFileType = text.plist.entitlements; path = TribalMacOS.entitlements; sourceTree = "<group>"; };
		A93916A7268FF01100FD0652 /* Initialization.swift */ = {isa = PBXFileReference; lastKnownFileType = sourcecode.swift; path = Initialization.swift; sourceTree = "<group>"; };
		A93916C7268FF69900FD0652 /* UserInterfaceIdentifiable.swift */ = {isa = PBXFileReference; lastKnownFileType = sourcecode.swift; path = UserInterfaceIdentifiable.swift; sourceTree = "<group>"; };
		A93916CA268FF8A700FD0652 /* TaskCardItem.swift */ = {isa = PBXFileReference; lastKnownFileType = sourcecode.swift; path = TaskCardItem.swift; sourceTree = "<group>"; };
		A93916CC268FF8D300FD0652 /* KanbanViewController.swift */ = {isa = PBXFileReference; lastKnownFileType = sourcecode.swift; path = KanbanViewController.swift; sourceTree = "<group>"; };
		A93916D0268FF98300FD0652 /* ImageView.swift */ = {isa = PBXFileReference; lastKnownFileType = sourcecode.swift; path = ImageView.swift; sourceTree = "<group>"; };
		A93916D32690A31500FD0652 /* BrowserViewController.swift */ = {isa = PBXFileReference; lastKnownFileType = sourcecode.swift; path = BrowserViewController.swift; sourceTree = "<group>"; };
		A93916D52690A35A00FD0652 /* SideNavigationController.swift */ = {isa = PBXFileReference; lastKnownFileType = sourcecode.swift; path = SideNavigationController.swift; sourceTree = "<group>"; };
		A93916D72690A3A900FD0652 /* Popup.swift */ = {isa = PBXFileReference; lastKnownFileType = sourcecode.swift; path = Popup.swift; sourceTree = "<group>"; };
		A93916DC2690B22900FD0652 /* Demo.swift */ = {isa = PBXFileReference; lastKnownFileType = sourcecode.swift; path = Demo.swift; sourceTree = "<group>"; };
		A93916E42690DB8E00FD0652 /* NSView+ascender.swift */ = {isa = PBXFileReference; lastKnownFileType = sourcecode.swift; path = "NSView+ascender.swift"; sourceTree = "<group>"; };
		A93916E62690E60D00FD0652 /* BrowserWindowController.swift */ = {isa = PBXFileReference; lastKnownFileType = sourcecode.swift; path = BrowserWindowController.swift; sourceTree = "<group>"; };
		A93916E82690EB3700FD0652 /* SideNavigationDataSource.swift */ = {isa = PBXFileReference; lastKnownFileType = sourcecode.swift; path = SideNavigationDataSource.swift; sourceTree = "<group>"; };
		A93916EA2691236200FD0652 /* ContextBrowserWindowToolbarDelegate.swift */ = {isa = PBXFileReference; lastKnownFileType = sourcecode.swift; path = ContextBrowserWindowToolbarDelegate.swift; sourceTree = "<group>"; };
		A93916EC26912D5B00FD0652 /* KanbanBoardView.swift */ = {isa = PBXFileReference; lastKnownFileType = sourcecode.swift; path = KanbanBoardView.swift; sourceTree = "<group>"; };
		A93916EE26912D9200FD0652 /* KanbanColumnLayout.swift */ = {isa = PBXFileReference; lastKnownFileType = sourcecode.swift; path = KanbanColumnLayout.swift; sourceTree = "<group>"; };
		A93916F026912DBF00FD0652 /* KanbanColumnHeader.swift */ = {isa = PBXFileReference; lastKnownFileType = sourcecode.swift; path = KanbanColumnHeader.swift; sourceTree = "<group>"; };
		A93916F226912DF100FD0652 /* OrientedScrollView.swift */ = {isa = PBXFileReference; lastKnownFileType = sourcecode.swift; path = OrientedScrollView.swift; sourceTree = "<group>"; };
		A93916F426912E0B00FD0652 /* KanbanView.swift */ = {isa = PBXFileReference; lastKnownFileType = sourcecode.swift; path = KanbanView.swift; sourceTree = "<group>"; };
		A93916F72691300A00FD0652 /* KanbanColumnView.swift */ = {isa = PBXFileReference; lastKnownFileType = sourcecode.swift; path = KanbanColumnView.swift; sourceTree = "<group>"; };
		A93916F92691375400FD0652 /* BaseView.swift */ = {isa = PBXFileReference; lastKnownFileType = sourcecode.swift; path = BaseView.swift; sourceTree = "<group>"; };
		A93916FB269145D900FD0652 /* Divider.swift */ = {isa = PBXFileReference; lastKnownFileType = sourcecode.swift; path = Divider.swift; sourceTree = "<group>"; };
		A93916FD2691536600FD0652 /* Background.swift */ = {isa = PBXFileReference; lastKnownFileType = sourcecode.swift; path = Background.swift; sourceTree = "<group>"; };
		A93916FF2691E73600FD0652 /* BrowserMenu.swift */ = {isa = PBXFileReference; lastKnownFileType = sourcecode.swift; path = BrowserMenu.swift; sourceTree = "<group>"; };
		A93917032692003700FD0652 /* TaskDueLabel.swift */ = {isa = PBXFileReference; lastKnownFileType = sourcecode.swift; path = TaskDueLabel.swift; sourceTree = "<group>"; };
		A9391705269200C300FD0652 /* NSImage+symbol.swift */ = {isa = PBXFileReference; lastKnownFileType = sourcecode.swift; path = "NSImage+symbol.swift"; sourceTree = "<group>"; };
		A93917082692254B00FD0652 /* KanbanColumnCollectionView.swift */ = {isa = PBXFileReference; lastKnownFileType = sourcecode.swift; path = KanbanColumnCollectionView.swift; sourceTree = "<group>"; };
		A939170A26922E8D00FD0652 /* CoreGraphics+Geometry.swift */ = {isa = PBXFileReference; lastKnownFileType = sourcecode.swift; path = "CoreGraphics+Geometry.swift"; sourceTree = "<group>"; };
		A939170F2692470A00FD0652 /* KanbanColumnDataSource.swift */ = {isa = PBXFileReference; lastKnownFileType = sourcecode.swift; path = KanbanColumnDataSource.swift; sourceTree = "<group>"; };
		A97545762696908E007CC859 /* KanbanBoard.swift */ = {isa = PBXFileReference; lastKnownFileType = sourcecode.swift; path = KanbanBoard.swift; sourceTree = "<group>"; };
		A97545792696910A007CC859 /* Project.swift */ = {isa = PBXFileReference; lastKnownFileType = sourcecode.swift; path = Project.swift; sourceTree = "<group>"; };
		A975457B269691C5007CC859 /* KanbanColumn.swift */ = {isa = PBXFileReference; lastKnownFileType = sourcecode.swift; path = KanbanColumn.swift; sourceTree = "<group>"; };
		A9C114AE2696C90100510A9C /* BaseViewController.swift */ = {isa = PBXFileReference; lastKnownFileType = sourcecode.swift; path = BaseViewController.swift; sourceTree = "<group>"; };
		A9C114B02696CA1B00510A9C /* KanbanColumnViewController.swift */ = {isa = PBXFileReference; lastKnownFileType = sourcecode.swift; path = KanbanColumnViewController.swift; sourceTree = "<group>"; };
		A9C114BA2696E54C00510A9C /* Workspace.swift */ = {isa = PBXFileReference; lastKnownFileType = sourcecode.swift; path = Workspace.swift; sourceTree = "<group>"; };
		A9C114BC2696E62C00510A9C /* ContextBrowser.storyboard */ = {isa = PBXFileReference; lastKnownFileType = file.storyboard; path = ContextBrowser.storyboard; sourceTree = "<group>"; };
		A9C114BE2696E81C00510A9C /* WindowCoordinator.swift */ = {isa = PBXFileReference; lastKnownFileType = sourcecode.swift; path = WindowCoordinator.swift; sourceTree = "<group>"; };
		A9C114C12696F73800510A9C /* BrowserController.swift */ = {isa = PBXFileReference; lastKnownFileType = sourcecode.swift; path = BrowserController.swift; sourceTree = "<group>"; };
		A9C114C32696F78D00510A9C /* Task.swift */ = {isa = PBXFileReference; lastKnownFileType = sourcecode.swift; path = Task.swift; sourceTree = "<group>"; };
		A9C114C52696F7A200510A9C /* TaskTag.swift */ = {isa = PBXFileReference; lastKnownFileType = sourcecode.swift; path = TaskTag.swift; sourceTree = "<group>"; };
		A9C114C72696F7AF00510A9C /* Profile.swift */ = {isa = PBXFileReference; lastKnownFileType = sourcecode.swift; path = Profile.swift; sourceTree = "<group>"; };
		A9C114C92696F90D00510A9C /* SideNavigationView.swift */ = {isa = PBXFileReference; lastKnownFileType = sourcecode.swift; path = SideNavigationView.swift; sourceTree = "<group>"; };
		A9C114CD2697205D00510A9C /* Observation.swift */ = {isa = PBXFileReference; lastKnownFileType = sourcecode.swift; path = Observation.swift; sourceTree = "<group>"; };
		A9C114D32697A64500510A9C /* KanbanBoardViewController.swift */ = {isa = PBXFileReference; lastKnownFileType = sourcecode.swift; path = KanbanBoardViewController.swift; sourceTree = "<group>"; };
		A9C114DF2698623600510A9C /* AuthenticationWindowController.swift */ = {isa = PBXFileReference; lastKnownFileType = sourcecode.swift; path = AuthenticationWindowController.swift; sourceTree = "<group>"; };
		A9C114E12698626300510A9C /* AuthenticationViewController.swift */ = {isa = PBXFileReference; lastKnownFileType = sourcecode.swift; path = AuthenticationViewController.swift; sourceTree = "<group>"; };
		A9C114E32698A49E00510A9C /* AuthenticationController.swift */ = {isa = PBXFileReference; lastKnownFileType = sourcecode.swift; path = AuthenticationController.swift; sourceTree = "<group>"; };
		A9C114E82698ADCC00510A9C /* AsanaAuthenticator.swift */ = {isa = PBXFileReference; lastKnownFileType = sourcecode.swift; path = AsanaAuthenticator.swift; sourceTree = "<group>"; };
		A9C114EA2698ADE100510A9C /* AsanaAPICredentials.swift */ = {isa = PBXFileReference; lastKnownFileType = sourcecode.swift; path = AsanaAPICredentials.swift; sourceTree = "<group>"; };
		A9C3F28D269FA4A700A1D9B6 /* ContextPickerView.swift */ = {isa = PBXFileReference; lastKnownFileType = sourcecode.swift; path = ContextPickerView.swift; sourceTree = "<group>"; };
		A9C3F28F269FAE8700A1D9B6 /* ContextBrowserWindowController.swift */ = {isa = PBXFileReference; lastKnownFileType = sourcecode.swift; path = ContextBrowserWindowController.swift; sourceTree = "<group>"; };
		A9C3F293269FB17E00A1D9B6 /* BaseWindowController.swift */ = {isa = PBXFileReference; lastKnownFileType = sourcecode.swift; path = BaseWindowController.swift; sourceTree = "<group>"; };
		A9C3F295269FB70500A1D9B6 /* Team.swift */ = {isa = PBXFileReference; lastKnownFileType = sourcecode.swift; path = Team.swift; sourceTree = "<group>"; };
/* End PBXFileReference section */

/* Begin PBXFrameworksBuildPhase section */
		A9391678268FE56600FD0652 /* Frameworks */ = {
			isa = PBXFrameworksBuildPhase;
			buildActionMask = 2147483647;
			files = (
			);
			runOnlyForDeploymentPostprocessing = 0;
		};
		A9391693268FEFD700FD0652 /* Frameworks */ = {
			isa = PBXFrameworksBuildPhase;
			buildActionMask = 2147483647;
			files = (
				A93916C1268FF25800FD0652 /* SnapKit in Frameworks */,
				A9C114E72698A92300510A9C /* KeychainSwift in Frameworks */,
				A9F09BC72692AD0E00C8FF6B /* PinLayout in Frameworks */,
				A93916C6268FF5A100FD0652 /* Nuke in Frameworks */,
			);
			runOnlyForDeploymentPostprocessing = 0;
		};
/* End PBXFrameworksBuildPhase section */

/* Begin PBXGroup section */
		A90B9218269E5BE000F30867 /* Accounts */ = {
			isa = PBXGroup;
			children = (
				A90B9219269E5BEB00F30867 /* AccountsController.swift */,
				A90B921B269E5C1000F30867 /* AuthenticationProvider.swift */,
				A90B921D269E5D4C00F30867 /* Account.swift */,
			);
			path = Accounts;
			sourceTree = "<group>";
		};
		A90B9223269E61E900F30867 /* ContextBrowser */ = {
			isa = PBXGroup;
			children = (
				A9C3F291269FAEFA00A1D9B6 /* ContextPicker */,
				A9C114BC2696E62C00510A9C /* ContextBrowser.storyboard */,
				A90B922C269E68A900F30867 /* ContextBrowserView.swift */,
				A90B9224269E620400F30867 /* ContextBrowserViewController.swift */,
				A9C3F28F269FAE8700A1D9B6 /* ContextBrowserWindowController.swift */,
				A93916EA2691236200FD0652 /* ContextBrowserWindowToolbarDelegate.swift */,
			);
			path = ContextBrowser;
			sourceTree = "<group>";
		};
		A90B922E269E70F200F30867 /* Onboarding */ = {
			isa = PBXGroup;
			children = (
				A90B922F269E710700F30867 /* OnboardingViewController.swift */,
				A90B9231269E723000F30867 /* OnboardingView.swift */,
				A90B9233269E74C500F30867 /* OnboardingConnectButton.swift */,
			);
			path = Onboarding;
			sourceTree = "<group>";
		};
		A912E35426A3995F003CE4D6 /* Operations */ = {
			isa = PBXGroup;
			children = (
				A912E35526A3996F003CE4D6 /* AsanaContextPrepareOperation.swift */,
			);
			path = Operations;
			sourceTree = "<group>";
		};
		A912E35926A3A4F6003CE4D6 /* API */ = {
			isa = PBXGroup;
			children = (
				A912E35A26A3A501003CE4D6 /* AsanaAPIRequest.swift */,
				A912E34E26A37FCB003CE4D6 /* AsanaAuthenticatedAPI.swift */,
				A9C114E82698ADCC00510A9C /* AsanaAuthenticator.swift */,
			);
			path = API;
			sourceTree = "<group>";
		};
		A912E35C26A3A530003CE4D6 /* Entities */ = {
			isa = PBXGroup;
			children = (
				A912E35D26A3A537003CE4D6 /* AsanaUser.swift */,
			);
			path = Entities;
			sourceTree = "<group>";
		};
		A9391654268FC1B300FD0652 = {
			isa = PBXGroup;
			children = (
				A939167C268FE56600FD0652 /* TribalDemoContent */,
				A9391697268FEFD700FD0652 /* TribalMacOS */,
				A939165E268FC1B300FD0652 /* Products */,
				A93916DE2690B38700FD0652 /* Frameworks */,
			);
			sourceTree = "<group>";
		};
		A939165E268FC1B300FD0652 /* Products */ = {
			isa = PBXGroup;
			children = (
				A939167B268FE56600FD0652 /* TribalDemoContent.bundle */,
				A9391696268FEFD700FD0652 /* TribalMacOS.app */,
			);
			name = Products;
			sourceTree = "<group>";
		};
		A939167C268FE56600FD0652 /* TribalDemoContent */ = {
			isa = PBXGroup;
			children = (
				A9391681268FE57100FD0652 /* Images */,
				A939167D268FE56600FD0652 /* Info.plist */,
			);
			path = TribalDemoContent;
			sourceTree = "<group>";
		};
		A9391681268FE57100FD0652 /* Images */ = {
			isa = PBXGroup;
			children = (
				A9391684268FE58A00FD0652 /* umur.jpeg */,
				A9391682268FE57D00FD0652 /* zeynep.jpg */,
			);
			path = Images;
			sourceTree = "<group>";
		};
		A9391697268FEFD700FD0652 /* TribalMacOS */ = {
			isa = PBXGroup;
			children = (
				A90B922E269E70F200F30867 /* Onboarding */,
				A90B9223269E61E900F30867 /* ContextBrowser */,
				A9C114DE2698622700510A9C /* AppStorage */,
				A9C114C02696E9DE00510A9C /* Resources */,
				A9C114D52698577600510A9C /* Backends */,
				A9754578269690E8007CC859 /* Entities */,
				A93916A6268FF00400FD0652 /* Extensions */,
				A93916CE268FF96200FD0652 /* Components */,
				A93916D22690A30500FD0652 /* Browser */,
				A93916C9268FF89800FD0652 /* Kanban */,
				A9391698268FEFD700FD0652 /* AppDelegate.swift */,
				A9C114BE2696E81C00510A9C /* WindowCoordinator.swift */,
				A93916DC2690B22900FD0652 /* Demo.swift */,
			);
			path = TribalMacOS;
			sourceTree = "<group>";
		};
		A93916A6268FF00400FD0652 /* Extensions */ = {
			isa = PBXGroup;
			children = (
				A93916A7268FF01100FD0652 /* Initialization.swift */,
				A93916C7268FF69900FD0652 /* UserInterfaceIdentifiable.swift */,
				A93916E42690DB8E00FD0652 /* NSView+ascender.swift */,
				A9391705269200C300FD0652 /* NSImage+symbol.swift */,
				A939170A26922E8D00FD0652 /* CoreGraphics+Geometry.swift */,
			);
			path = Extensions;
			sourceTree = "<group>";
		};
		A93916C9268FF89800FD0652 /* Kanban */ = {
			isa = PBXGroup;
			children = (
				A939170E269246FA00FD0652 /* DataSources */,
				A93917012691FFBE00FD0652 /* Views */,
				A97545762696908E007CC859 /* KanbanBoard.swift */,
				A975457B269691C5007CC859 /* KanbanColumn.swift */,
			);
			path = Kanban;
			sourceTree = "<group>";
		};
		A93916CE268FF96200FD0652 /* Components */ = {
			isa = PBXGroup;
			children = (
				A93916CF268FF96D00FD0652 /* Basic */,
				A9C114CD2697205D00510A9C /* Observation.swift */,
				A90B922A269E674400F30867 /* HeadlessTabViewController.swift */,
			);
			path = Components;
			sourceTree = "<group>";
		};
		A93916CF268FF96D00FD0652 /* Basic */ = {
			isa = PBXGroup;
			children = (
				A93916D0268FF98300FD0652 /* ImageView.swift */,
				A93916D72690A3A900FD0652 /* Popup.swift */,
				A93916F226912DF100FD0652 /* OrientedScrollView.swift */,
				A93916F92691375400FD0652 /* BaseView.swift */,
				A93916FB269145D900FD0652 /* Divider.swift */,
				A93916FD2691536600FD0652 /* Background.swift */,
				A9C114AE2696C90100510A9C /* BaseViewController.swift */,
				A9C3F293269FB17E00A1D9B6 /* BaseWindowController.swift */,
				A912E36126A3B394003CE4D6 /* LoadingViewController.swift */,
			);
			path = Basic;
			sourceTree = "<group>";
		};
		A93916D22690A30500FD0652 /* Browser */ = {
			isa = PBXGroup;
			children = (
				A9C114C12696F73800510A9C /* BrowserController.swift */,
				A93916FF2691E73600FD0652 /* BrowserMenu.swift */,
				A93916D32690A31500FD0652 /* BrowserViewController.swift */,
				A93916E62690E60D00FD0652 /* BrowserWindowController.swift */,
				A93916D52690A35A00FD0652 /* SideNavigationController.swift */,
				A93916E82690EB3700FD0652 /* SideNavigationDataSource.swift */,
				A9C114C92696F90D00510A9C /* SideNavigationView.swift */,
			);
			path = Browser;
			sourceTree = "<group>";
		};
		A93916DE2690B38700FD0652 /* Frameworks */ = {
			isa = PBXGroup;
			children = (
			);
			name = Frameworks;
			sourceTree = "<group>";
		};
		A93916F626912FDA00FD0652 /* ColumnView */ = {
			isa = PBXGroup;
			children = (
				A939170F2692470A00FD0652 /* KanbanColumnDataSource.swift */,
				A93917082692254B00FD0652 /* KanbanColumnCollectionView.swift */,
				A928DFCE26968B9D00E583C6 /* KanbanColumnCollectionViewDelegate.swift */,
				A93916F026912DBF00FD0652 /* KanbanColumnHeader.swift */,
				A93916EE26912D9200FD0652 /* KanbanColumnLayout.swift */,
				A93916F72691300A00FD0652 /* KanbanColumnView.swift */,
				A9C114B02696CA1B00510A9C /* KanbanColumnViewController.swift */,
			);
			path = ColumnView;
			sourceTree = "<group>";
		};
		A93917012691FFBE00FD0652 /* Views */ = {
			isa = PBXGroup;
			children = (
				A9C114D22697A62F00510A9C /* BoardView */,
				A93917022692001900FD0652 /* Card */,
				A93916F626912FDA00FD0652 /* ColumnView */,
				A93916F426912E0B00FD0652 /* KanbanView.swift */,
				A93916CC268FF8D300FD0652 /* KanbanViewController.swift */,
			);
			path = Views;
			sourceTree = "<group>";
		};
		A93917022692001900FD0652 /* Card */ = {
			isa = PBXGroup;
			children = (
				A93916CA268FF8A700FD0652 /* TaskCardItem.swift */,
				A928DFD026968D2500E583C6 /* TaskCardView.swift */,
				A928DFCC2696887100E583C6 /* TaskCardSelectionView.swift */,
				A93917032692003700FD0652 /* TaskDueLabel.swift */,
			);
			path = Card;
			sourceTree = "<group>";
		};
		A939170E269246FA00FD0652 /* DataSources */ = {
			isa = PBXGroup;
			children = (
			);
			path = DataSources;
			sourceTree = "<group>";
		};
		A9754578269690E8007CC859 /* Entities */ = {
			isa = PBXGroup;
			children = (
				A912E35226A3845E003CE4D6 /* EntityContext.swift */,
				A97545792696910A007CC859 /* Project.swift */,
				A9C114BA2696E54C00510A9C /* Workspace.swift */,
				A9C114C32696F78D00510A9C /* Task.swift */,
				A9C114C52696F7A200510A9C /* TaskTag.swift */,
				A9C114C72696F7AF00510A9C /* Profile.swift */,
				A9C3F295269FB70500A1D9B6 /* Team.swift */,
			);
			path = Entities;
			sourceTree = "<group>";
		};
		A9C114C02696E9DE00510A9C /* Resources */ = {
			isa = PBXGroup;
			children = (
				A939169E268FEFD900FD0652 /* Main.storyboard */,
				A939169C268FEFD900FD0652 /* Assets.xcassets */,
				A93916A1268FEFD900FD0652 /* Info.plist */,
				A93916A2268FEFD900FD0652 /* TribalMacOS.entitlements */,
			);
			path = Resources;
			sourceTree = "<group>";
		};
		A9C114D22697A62F00510A9C /* BoardView */ = {
			isa = PBXGroup;
			children = (
				A93916EC26912D5B00FD0652 /* KanbanBoardView.swift */,
				A9C114D32697A64500510A9C /* KanbanBoardViewController.swift */,
			);
			path = BoardView;
			sourceTree = "<group>";
		};
		A9C114D52698577600510A9C /* Backends */ = {
			isa = PBXGroup;
			children = (
				A90B9218269E5BE000F30867 /* Accounts */,
				A9C114D62698578B00510A9C /* Asana */,
				A912E35026A380F6003CE4D6 /* Backend.swift */,
				A912E35726A3A3F6003CE4D6 /* AsynchronousOperation.swift */,
				A912E35F26A3A9C3003CE4D6 /* AsynchronousFailableOperation.swift */,
			);
			path = Backends;
			sourceTree = "<group>";
		};
		A9C114D62698578B00510A9C /* Asana */ = {
			isa = PBXGroup;
			children = (
				A912E35C26A3A530003CE4D6 /* Entities */,
				A912E35926A3A4F6003CE4D6 /* API */,
				A912E35426A3995F003CE4D6 /* Operations */,
				A9C114EA2698ADE100510A9C /* AsanaAPICredentials.swift */,
				A90B921F269E5D9700F30867 /* Asana.swift */,
				A912E34C26A37F92003CE4D6 /* AsanaEntityContext.swift */,
			);
			path = Asana;
			sourceTree = "<group>";
		};
		A9C114DE2698622700510A9C /* AppStorage */ = {
			isa = PBXGroup;
			children = (
				A9C114DF2698623600510A9C /* AuthenticationWindowController.swift */,
				A9C114E12698626300510A9C /* AuthenticationViewController.swift */,
				A9C114E32698A49E00510A9C /* AuthenticationController.swift */,
			);
			path = AppStorage;
			sourceTree = "<group>";
		};
		A9C3F291269FAEFA00A1D9B6 /* ContextPicker */ = {
			isa = PBXGroup;
			children = (
				A90B9228269E626000F30867 /* ContextPickerItemView.swift */,
				A9C3F28D269FA4A700A1D9B6 /* ContextPickerView.swift */,
				A90B9226269E624900F30867 /* ContextPickerViewController.swift */,
			);
			path = ContextPicker;
			sourceTree = "<group>";
		};
/* End PBXGroup section */

/* Begin PBXNativeTarget section */
		A939167A268FE56600FD0652 /* TribalDemoContent */ = {
			isa = PBXNativeTarget;
			buildConfigurationList = A939167E268FE56600FD0652 /* Build configuration list for PBXNativeTarget "TribalDemoContent" */;
			buildPhases = (
				A9391677268FE56600FD0652 /* Sources */,
				A9391678268FE56600FD0652 /* Frameworks */,
				A9391679268FE56600FD0652 /* Resources */,
			);
			buildRules = (
			);
			dependencies = (
			);
			name = TribalDemoContent;
			productName = TribalDemoContent;
			productReference = A939167B268FE56600FD0652 /* TribalDemoContent.bundle */;
			productType = "com.apple.product-type.bundle";
		};
		A9391695268FEFD700FD0652 /* TribalMacOS */ = {
			isa = PBXNativeTarget;
			buildConfigurationList = A93916A3268FEFD900FD0652 /* Build configuration list for PBXNativeTarget "TribalMacOS" */;
			buildPhases = (
				A9391692268FEFD700FD0652 /* Sources */,
				A9391693268FEFD700FD0652 /* Frameworks */,
				A9391694268FEFD700FD0652 /* Resources */,
				A93916E32690B38700FD0652 /* Embed Frameworks */,
			);
			buildRules = (
			);
			dependencies = (
				A93916DA2690B20E00FD0652 /* PBXTargetDependency */,
			);
			name = TribalMacOS;
			packageProductDependencies = (
				A93916C0268FF25800FD0652 /* SnapKit */,
				A93916C5268FF5A100FD0652 /* Nuke */,
				A9F09BC62692AD0E00C8FF6B /* PinLayout */,
				A9C114E62698A92300510A9C /* KeychainSwift */,
			);
			productName = TribalMacOS;
			productReference = A9391696268FEFD700FD0652 /* TribalMacOS.app */;
			productType = "com.apple.product-type.application";
		};
/* End PBXNativeTarget section */

/* Begin PBXProject section */
		A9391655268FC1B300FD0652 /* Project object */ = {
			isa = PBXProject;
			attributes = {
				LastSwiftUpdateCheck = 1250;
				LastUpgradeCheck = 1250;
				TargetAttributes = {
					A939167A268FE56600FD0652 = {
						CreatedOnToolsVersion = 12.5.1;
					};
					A9391695268FEFD700FD0652 = {
						CreatedOnToolsVersion = 12.5.1;
					};
				};
			};
			buildConfigurationList = A9391658268FC1B300FD0652 /* Build configuration list for PBXProject "Tribal" */;
			compatibilityVersion = "Xcode 9.3";
			developmentRegion = en;
			hasScannedForEncodings = 0;
			knownRegions = (
				en,
				Base,
			);
			mainGroup = A9391654268FC1B300FD0652;
			packageReferences = (
				A93916BF268FF25800FD0652 /* XCRemoteSwiftPackageReference "SnapKit" */,
				A93916C4268FF5A100FD0652 /* XCRemoteSwiftPackageReference "Nuke" */,
				A9F09BC52692AD0E00C8FF6B /* XCRemoteSwiftPackageReference "PinLayout" */,
				A9C114E52698A92300510A9C /* XCRemoteSwiftPackageReference "keychain-swift" */,
			);
			productRefGroup = A939165E268FC1B300FD0652 /* Products */;
			projectDirPath = "";
			projectRoot = "";
			targets = (
				A939167A268FE56600FD0652 /* TribalDemoContent */,
				A9391695268FEFD700FD0652 /* TribalMacOS */,
			);
		};
/* End PBXProject section */

/* Begin PBXResourcesBuildPhase section */
		A9391679268FE56600FD0652 /* Resources */ = {
			isa = PBXResourcesBuildPhase;
			buildActionMask = 2147483647;
			files = (
				A9391685268FE58A00FD0652 /* umur.jpeg in Resources */,
				A9391683268FE57D00FD0652 /* zeynep.jpg in Resources */,
			);
			runOnlyForDeploymentPostprocessing = 0;
		};
		A9391694268FEFD700FD0652 /* Resources */ = {
			isa = PBXResourcesBuildPhase;
			buildActionMask = 2147483647;
			files = (
				A93916DB2690B21B00FD0652 /* TribalDemoContent.bundle in Resources */,
				A9C114BD2696E62C00510A9C /* ContextBrowser.storyboard in Resources */,
				A939169D268FEFD900FD0652 /* Assets.xcassets in Resources */,
				A93916A0268FEFD900FD0652 /* Main.storyboard in Resources */,
			);
			runOnlyForDeploymentPostprocessing = 0;
		};
/* End PBXResourcesBuildPhase section */

/* Begin PBXSourcesBuildPhase section */
		A9391677268FE56600FD0652 /* Sources */ = {
			isa = PBXSourcesBuildPhase;
			buildActionMask = 2147483647;
			files = (
			);
			runOnlyForDeploymentPostprocessing = 0;
		};
		A9391692268FEFD700FD0652 /* Sources */ = {
			isa = PBXSourcesBuildPhase;
			buildActionMask = 2147483647;
			files = (
				A90B9220269E5D9700F30867 /* Asana.swift in Sources */,
				A90B922D269E68A900F30867 /* ContextBrowserView.swift in Sources */,
				A9C3F290269FAE8700A1D9B6 /* ContextBrowserWindowController.swift in Sources */,
				A93916E52690DB8E00FD0652 /* NSView+ascender.swift in Sources */,
				A93916D1268FF98300FD0652 /* ImageView.swift in Sources */,
				A9C114BF2696E81C00510A9C /* WindowCoordinator.swift in Sources */,
				A9C114E92698ADCC00510A9C /* AsanaAuthenticator.swift in Sources */,
				A93916D62690A35A00FD0652 /* SideNavigationController.swift in Sources */,
				A975457C269691C5007CC859 /* KanbanColumn.swift in Sources */,
				A93917102692470A00FD0652 /* KanbanColumnDataSource.swift in Sources */,
				A928DFD126968D2500E583C6 /* TaskCardView.swift in Sources */,
				A912E36226A3B394003CE4D6 /* LoadingViewController.swift in Sources */,
				A93916EF26912D9200FD0652 /* KanbanColumnLayout.swift in Sources */,
				A93916D82690A3A900FD0652 /* Popup.swift in Sources */,
				A93916D42690A31500FD0652 /* BrowserViewController.swift in Sources */,
				A93916E92690EB3700FD0652 /* SideNavigationDataSource.swift in Sources */,
				A93916DD2690B22900FD0652 /* Demo.swift in Sources */,
				A912E35326A3845E003CE4D6 /* EntityContext.swift in Sources */,
				A9C114E42698A49E00510A9C /* AuthenticationController.swift in Sources */,
				A90B921E269E5D4C00F30867 /* Account.swift in Sources */,
				A90B9234269E74C500F30867 /* OnboardingConnectButton.swift in Sources */,
				A90B922B269E674400F30867 /* HeadlessTabViewController.swift in Sources */,
				A93916CB268FF8A700FD0652 /* TaskCardItem.swift in Sources */,
				A9C114B12696CA1B00510A9C /* KanbanColumnViewController.swift in Sources */,
				A912E35B26A3A501003CE4D6 /* AsanaAPIRequest.swift in Sources */,
				A93916FA2691375400FD0652 /* BaseView.swift in Sources */,
				A9C114C82696F7AF00510A9C /* Profile.swift in Sources */,
				A9C114D42697A64500510A9C /* KanbanBoardViewController.swift in Sources */,
				A9C114C22696F73800510A9C /* BrowserController.swift in Sources */,
				A93917092692254B00FD0652 /* KanbanColumnCollectionView.swift in Sources */,
				A928DFCD2696887100E583C6 /* TaskCardSelectionView.swift in Sources */,
				A93916CD268FF8D300FD0652 /* KanbanViewController.swift in Sources */,
				A93916FE2691536600FD0652 /* Background.swift in Sources */,
				A939170B26922E8D00FD0652 /* CoreGraphics+Geometry.swift in Sources */,
				A93916A8268FF01100FD0652 /* Initialization.swift in Sources */,
				A9C3F294269FB17E00A1D9B6 /* BaseWindowController.swift in Sources */,
				A93916C8268FF69900FD0652 /* UserInterfaceIdentifiable.swift in Sources */,
				A9C114AF2696C90100510A9C /* BaseViewController.swift in Sources */,
				A90B9229269E626000F30867 /* ContextPickerItemView.swift in Sources */,
				A93917042692003700FD0652 /* TaskDueLabel.swift in Sources */,
				A9C114BB2696E54C00510A9C /* Workspace.swift in Sources */,
				A912E35826A3A3F6003CE4D6 /* AsynchronousOperation.swift in Sources */,
				A90B921A269E5BEB00F30867 /* AccountsController.swift in Sources */,
				A9391699268FEFD700FD0652 /* AppDelegate.swift in Sources */,
				A9C114CE2697205D00510A9C /* Observation.swift in Sources */,
				A93916F82691300A00FD0652 /* KanbanColumnView.swift in Sources */,
				A90B9227269E624900F30867 /* ContextPickerViewController.swift in Sources */,
				A90B9225269E620400F30867 /* ContextBrowserViewController.swift in Sources */,
				A9391706269200C300FD0652 /* NSImage+symbol.swift in Sources */,
				A93916F126912DBF00FD0652 /* KanbanColumnHeader.swift in Sources */,
				A93917002691E73600FD0652 /* BrowserMenu.swift in Sources */,
				A93916F326912DF100FD0652 /* OrientedScrollView.swift in Sources */,
				A93916F526912E0B00FD0652 /* KanbanView.swift in Sources */,
				A912E34D26A37F92003CE4D6 /* AsanaEntityContext.swift in Sources */,
				A93916ED26912D5B00FD0652 /* KanbanBoardView.swift in Sources */,
				A9C3F28E269FA4A700A1D9B6 /* ContextPickerView.swift in Sources */,
				A912E35126A380F6003CE4D6 /* Backend.swift in Sources */,
				A912E34F26A37FCB003CE4D6 /* AsanaAuthenticatedAPI.swift in Sources */,
				A9C114E02698623600510A9C /* AuthenticationWindowController.swift in Sources */,
				A93916E72690E60D00FD0652 /* BrowserWindowController.swift in Sources */,
				A97545772696908E007CC859 /* KanbanBoard.swift in Sources */,
				A9C114EB2698ADE100510A9C /* AsanaAPICredentials.swift in Sources */,
				A9C3F296269FB70500A1D9B6 /* Team.swift in Sources */,
				A928DFCF26968B9D00E583C6 /* KanbanColumnCollectionViewDelegate.swift in Sources */,
				A9C114C42696F78D00510A9C /* Task.swift in Sources */,
				A912E35E26A3A537003CE4D6 /* AsanaUser.swift in Sources */,
				A9C3F292269FAF4500A1D9B6 /* ContextBrowserWindowToolbarDelegate.swift in Sources */,
				A912E36026A3A9C3003CE4D6 /* AsynchronousFailableOperation.swift in Sources */,
				A90B921C269E5C1000F30867 /* AuthenticationProvider.swift in Sources */,
				A93916FC269145D900FD0652 /* Divider.swift in Sources */,
				A90B9230269E710700F30867 /* OnboardingViewController.swift in Sources */,
				A912E35626A3996F003CE4D6 /* AsanaContextPrepareOperation.swift in Sources */,
				A9C114CA2696F90D00510A9C /* SideNavigationView.swift in Sources */,
				A975457A2696910A007CC859 /* Project.swift in Sources */,
				A9C114E22698626300510A9C /* AuthenticationViewController.swift in Sources */,
				A90B9232269E723000F30867 /* OnboardingView.swift in Sources */,
				A9C114C62696F7A200510A9C /* TaskTag.swift in Sources */,
			);
			runOnlyForDeploymentPostprocessing = 0;
		};
/* End PBXSourcesBuildPhase section */

/* Begin PBXTargetDependency section */
		A93916DA2690B20E00FD0652 /* PBXTargetDependency */ = {
			isa = PBXTargetDependency;
			target = A939167A268FE56600FD0652 /* TribalDemoContent */;
			targetProxy = A93916D92690B20E00FD0652 /* PBXContainerItemProxy */;
		};
/* End PBXTargetDependency section */

/* Begin PBXVariantGroup section */
		A939169E268FEFD900FD0652 /* Main.storyboard */ = {
			isa = PBXVariantGroup;
			children = (
				A939169F268FEFD900FD0652 /* Base */,
			);
			name = Main.storyboard;
			sourceTree = "<group>";
		};
/* End PBXVariantGroup section */

/* Begin XCBuildConfiguration section */
		A939166E268FC1B500FD0652 /* Debug */ = {
			isa = XCBuildConfiguration;
			buildSettings = {
				ALWAYS_SEARCH_USER_PATHS = NO;
				CLANG_ANALYZER_NONNULL = YES;
				CLANG_ANALYZER_NUMBER_OBJECT_CONVERSION = YES_AGGRESSIVE;
				CLANG_CXX_LANGUAGE_STANDARD = "gnu++14";
				CLANG_CXX_LIBRARY = "libc++";
				CLANG_ENABLE_MODULES = YES;
				CLANG_ENABLE_OBJC_ARC = YES;
				CLANG_ENABLE_OBJC_WEAK = YES;
				CLANG_WARN_BLOCK_CAPTURE_AUTORELEASING = YES;
				CLANG_WARN_BOOL_CONVERSION = YES;
				CLANG_WARN_COMMA = YES;
				CLANG_WARN_CONSTANT_CONVERSION = YES;
				CLANG_WARN_DEPRECATED_OBJC_IMPLEMENTATIONS = YES;
				CLANG_WARN_DIRECT_OBJC_ISA_USAGE = YES_ERROR;
				CLANG_WARN_DOCUMENTATION_COMMENTS = YES;
				CLANG_WARN_EMPTY_BODY = YES;
				CLANG_WARN_ENUM_CONVERSION = YES;
				CLANG_WARN_INFINITE_RECURSION = YES;
				CLANG_WARN_INT_CONVERSION = YES;
				CLANG_WARN_NON_LITERAL_NULL_CONVERSION = YES;
				CLANG_WARN_OBJC_IMPLICIT_RETAIN_SELF = YES;
				CLANG_WARN_OBJC_LITERAL_CONVERSION = YES;
				CLANG_WARN_OBJC_ROOT_CLASS = YES_ERROR;
				CLANG_WARN_QUOTED_INCLUDE_IN_FRAMEWORK_HEADER = YES;
				CLANG_WARN_RANGE_LOOP_ANALYSIS = YES;
				CLANG_WARN_STRICT_PROTOTYPES = YES;
				CLANG_WARN_SUSPICIOUS_MOVE = YES;
				CLANG_WARN_UNGUARDED_AVAILABILITY = YES_AGGRESSIVE;
				CLANG_WARN_UNREACHABLE_CODE = YES;
				CLANG_WARN__DUPLICATE_METHOD_MATCH = YES;
				COPY_PHASE_STRIP = NO;
				DEBUG_INFORMATION_FORMAT = dwarf;
				ENABLE_STRICT_OBJC_MSGSEND = YES;
				ENABLE_TESTABILITY = YES;
				GCC_C_LANGUAGE_STANDARD = gnu11;
				GCC_DYNAMIC_NO_PIC = NO;
				GCC_NO_COMMON_BLOCKS = YES;
				GCC_OPTIMIZATION_LEVEL = 0;
				GCC_PREPROCESSOR_DEFINITIONS = (
					"DEBUG=1",
					"$(inherited)",
				);
				GCC_WARN_64_TO_32_BIT_CONVERSION = YES;
				GCC_WARN_ABOUT_RETURN_TYPE = YES_ERROR;
				GCC_WARN_UNDECLARED_SELECTOR = YES;
				GCC_WARN_UNINITIALIZED_AUTOS = YES_AGGRESSIVE;
				GCC_WARN_UNUSED_FUNCTION = YES;
				GCC_WARN_UNUSED_VARIABLE = YES;
				MACOSX_DEPLOYMENT_TARGET = 11.2;
				MTL_ENABLE_DEBUG_INFO = INCLUDE_SOURCE;
				MTL_FAST_MATH = YES;
				ONLY_ACTIVE_ARCH = YES;
				SDKROOT = macosx;
				SWIFT_ACTIVE_COMPILATION_CONDITIONS = DEBUG;
				SWIFT_OPTIMIZATION_LEVEL = "-Onone";
			};
			name = Debug;
		};
		A939166F268FC1B500FD0652 /* Release */ = {
			isa = XCBuildConfiguration;
			buildSettings = {
				ALWAYS_SEARCH_USER_PATHS = NO;
				CLANG_ANALYZER_NONNULL = YES;
				CLANG_ANALYZER_NUMBER_OBJECT_CONVERSION = YES_AGGRESSIVE;
				CLANG_CXX_LANGUAGE_STANDARD = "gnu++14";
				CLANG_CXX_LIBRARY = "libc++";
				CLANG_ENABLE_MODULES = YES;
				CLANG_ENABLE_OBJC_ARC = YES;
				CLANG_ENABLE_OBJC_WEAK = YES;
				CLANG_WARN_BLOCK_CAPTURE_AUTORELEASING = YES;
				CLANG_WARN_BOOL_CONVERSION = YES;
				CLANG_WARN_COMMA = YES;
				CLANG_WARN_CONSTANT_CONVERSION = YES;
				CLANG_WARN_DEPRECATED_OBJC_IMPLEMENTATIONS = YES;
				CLANG_WARN_DIRECT_OBJC_ISA_USAGE = YES_ERROR;
				CLANG_WARN_DOCUMENTATION_COMMENTS = YES;
				CLANG_WARN_EMPTY_BODY = YES;
				CLANG_WARN_ENUM_CONVERSION = YES;
				CLANG_WARN_INFINITE_RECURSION = YES;
				CLANG_WARN_INT_CONVERSION = YES;
				CLANG_WARN_NON_LITERAL_NULL_CONVERSION = YES;
				CLANG_WARN_OBJC_IMPLICIT_RETAIN_SELF = YES;
				CLANG_WARN_OBJC_LITERAL_CONVERSION = YES;
				CLANG_WARN_OBJC_ROOT_CLASS = YES_ERROR;
				CLANG_WARN_QUOTED_INCLUDE_IN_FRAMEWORK_HEADER = YES;
				CLANG_WARN_RANGE_LOOP_ANALYSIS = YES;
				CLANG_WARN_STRICT_PROTOTYPES = YES;
				CLANG_WARN_SUSPICIOUS_MOVE = YES;
				CLANG_WARN_UNGUARDED_AVAILABILITY = YES_AGGRESSIVE;
				CLANG_WARN_UNREACHABLE_CODE = YES;
				CLANG_WARN__DUPLICATE_METHOD_MATCH = YES;
				COPY_PHASE_STRIP = NO;
				DEBUG_INFORMATION_FORMAT = "dwarf-with-dsym";
				ENABLE_NS_ASSERTIONS = NO;
				ENABLE_STRICT_OBJC_MSGSEND = YES;
				GCC_C_LANGUAGE_STANDARD = gnu11;
				GCC_NO_COMMON_BLOCKS = YES;
				GCC_WARN_64_TO_32_BIT_CONVERSION = YES;
				GCC_WARN_ABOUT_RETURN_TYPE = YES_ERROR;
				GCC_WARN_UNDECLARED_SELECTOR = YES;
				GCC_WARN_UNINITIALIZED_AUTOS = YES_AGGRESSIVE;
				GCC_WARN_UNUSED_FUNCTION = YES;
				GCC_WARN_UNUSED_VARIABLE = YES;
				MACOSX_DEPLOYMENT_TARGET = 11.2;
				MTL_ENABLE_DEBUG_INFO = NO;
				MTL_FAST_MATH = YES;
				SDKROOT = macosx;
				SWIFT_COMPILATION_MODE = wholemodule;
				SWIFT_OPTIMIZATION_LEVEL = "-O";
			};
			name = Release;
		};
		A939167F268FE56600FD0652 /* Debug */ = {
			isa = XCBuildConfiguration;
			buildSettings = {
				CODE_SIGN_STYLE = Automatic;
				COMBINE_HIDPI_IMAGES = YES;
				DEVELOPMENT_TEAM = 8STHWE4QY7;
				INFOPLIST_FILE = TribalDemoContent/Info.plist;
				INSTALL_PATH = "$(LOCAL_LIBRARY_DIR)/Bundles";
				PRODUCT_BUNDLE_IDENTIFIER = io.umurgdk.TribalDemoContent;
				PRODUCT_NAME = "$(TARGET_NAME)";
				SKIP_INSTALL = YES;
				WRAPPER_EXTENSION = bundle;
			};
			name = Debug;
		};
		A9391680268FE56600FD0652 /* Release */ = {
			isa = XCBuildConfiguration;
			buildSettings = {
				CODE_SIGN_STYLE = Automatic;
				COMBINE_HIDPI_IMAGES = YES;
				DEVELOPMENT_TEAM = 8STHWE4QY7;
				INFOPLIST_FILE = TribalDemoContent/Info.plist;
				INSTALL_PATH = "$(LOCAL_LIBRARY_DIR)/Bundles";
				PRODUCT_BUNDLE_IDENTIFIER = io.umurgdk.TribalDemoContent;
				PRODUCT_NAME = "$(TARGET_NAME)";
				SKIP_INSTALL = YES;
				WRAPPER_EXTENSION = bundle;
			};
			name = Release;
		};
		A93916A4268FEFD900FD0652 /* Debug */ = {
			isa = XCBuildConfiguration;
			buildSettings = {
				ASSETCATALOG_COMPILER_APPICON_NAME = AppIcon;
				ASSETCATALOG_COMPILER_GLOBAL_ACCENT_COLOR_NAME = AccentColor;
				CODE_SIGN_ENTITLEMENTS = TribalMacOS/Resources/TribalMacOS.entitlements;
				CODE_SIGN_STYLE = Automatic;
				COMBINE_HIDPI_IMAGES = YES;
				DEVELOPMENT_TEAM = 8STHWE4QY7;
				ENABLE_HARDENED_RUNTIME = YES;
				INFOPLIST_FILE = TribalMacOS/Resources/Info.plist;
				LD_RUNPATH_SEARCH_PATHS = (
					"$(inherited)",
					"@executable_path/../Frameworks",
				);
				PRODUCT_BUNDLE_IDENTIFIER = io.umurgdk.TribalMacOS;
				PRODUCT_NAME = "$(TARGET_NAME)";
				SWIFT_VERSION = 5.0;
			};
			name = Debug;
		};
		A93916A5268FEFD900FD0652 /* Release */ = {
			isa = XCBuildConfiguration;
			buildSettings = {
				ASSETCATALOG_COMPILER_APPICON_NAME = AppIcon;
				ASSETCATALOG_COMPILER_GLOBAL_ACCENT_COLOR_NAME = AccentColor;
				CODE_SIGN_ENTITLEMENTS = TribalMacOS/Resources/TribalMacOS.entitlements;
				CODE_SIGN_STYLE = Automatic;
				COMBINE_HIDPI_IMAGES = YES;
				DEVELOPMENT_TEAM = 8STHWE4QY7;
				ENABLE_HARDENED_RUNTIME = YES;
				INFOPLIST_FILE = TribalMacOS/Resources/Info.plist;
				LD_RUNPATH_SEARCH_PATHS = (
					"$(inherited)",
					"@executable_path/../Frameworks",
				);
				PRODUCT_BUNDLE_IDENTIFIER = io.umurgdk.TribalMacOS;
				PRODUCT_NAME = "$(TARGET_NAME)";
				SWIFT_VERSION = 5.0;
			};
			name = Release;
		};
/* End XCBuildConfiguration section */

/* Begin XCConfigurationList section */
		A9391658268FC1B300FD0652 /* Build configuration list for PBXProject "Tribal" */ = {
			isa = XCConfigurationList;
			buildConfigurations = (
				A939166E268FC1B500FD0652 /* Debug */,
				A939166F268FC1B500FD0652 /* Release */,
			);
			defaultConfigurationIsVisible = 0;
			defaultConfigurationName = Release;
		};
		A939167E268FE56600FD0652 /* Build configuration list for PBXNativeTarget "TribalDemoContent" */ = {
			isa = XCConfigurationList;
			buildConfigurations = (
				A939167F268FE56600FD0652 /* Debug */,
				A9391680268FE56600FD0652 /* Release */,
			);
			defaultConfigurationIsVisible = 0;
			defaultConfigurationName = Release;
		};
		A93916A3268FEFD900FD0652 /* Build configuration list for PBXNativeTarget "TribalMacOS" */ = {
			isa = XCConfigurationList;
			buildConfigurations = (
				A93916A4268FEFD900FD0652 /* Debug */,
				A93916A5268FEFD900FD0652 /* Release */,
			);
			defaultConfigurationIsVisible = 0;
			defaultConfigurationName = Release;
		};
/* End XCConfigurationList section */

/* Begin XCRemoteSwiftPackageReference section */
		A93916BF268FF25800FD0652 /* XCRemoteSwiftPackageReference "SnapKit" */ = {
			isa = XCRemoteSwiftPackageReference;
			repositoryURL = "https://github.com/SnapKit/SnapKit";
			requirement = {
				kind = upToNextMajorVersion;
				minimumVersion = 5.0.1;
			};
		};
		A93916C4268FF5A100FD0652 /* XCRemoteSwiftPackageReference "Nuke" */ = {
			isa = XCRemoteSwiftPackageReference;
			repositoryURL = "https://github.com/kean/Nuke";
			requirement = {
				kind = upToNextMajorVersion;
				minimumVersion = 10.3.0;
			};
		};
		A9C114E52698A92300510A9C /* XCRemoteSwiftPackageReference "keychain-swift" */ = {
			isa = XCRemoteSwiftPackageReference;
			repositoryURL = "https://github.com/evgenyneu/keychain-swift";
			requirement = {
				kind = upToNextMajorVersion;
				minimumVersion = 19.0.0;
			};
		};
		A9F09BC52692AD0E00C8FF6B /* XCRemoteSwiftPackageReference "PinLayout" */ = {
			isa = XCRemoteSwiftPackageReference;
			repositoryURL = "https://github.com/layoutBox/PinLayout";
			requirement = {
				kind = upToNextMajorVersion;
				minimumVersion = 1.10.0;
			};
		};
/* End XCRemoteSwiftPackageReference section */

/* Begin XCSwiftPackageProductDependency section */
		A93916C0268FF25800FD0652 /* SnapKit */ = {
			isa = XCSwiftPackageProductDependency;
			package = A93916BF268FF25800FD0652 /* XCRemoteSwiftPackageReference "SnapKit" */;
			productName = SnapKit;
		};
		A93916C5268FF5A100FD0652 /* Nuke */ = {
			isa = XCSwiftPackageProductDependency;
			package = A93916C4268FF5A100FD0652 /* XCRemoteSwiftPackageReference "Nuke" */;
			productName = Nuke;
		};
		A9C114E62698A92300510A9C /* KeychainSwift */ = {
			isa = XCSwiftPackageProductDependency;
			package = A9C114E52698A92300510A9C /* XCRemoteSwiftPackageReference "keychain-swift" */;
			productName = KeychainSwift;
		};
		A9F09BC62692AD0E00C8FF6B /* PinLayout */ = {
			isa = XCSwiftPackageProductDependency;
			package = A9F09BC52692AD0E00C8FF6B /* XCRemoteSwiftPackageReference "PinLayout" */;
			productName = PinLayout;
		};
/* End XCSwiftPackageProductDependency section */
	};
	rootObject = A9391655268FC1B300FD0652 /* Project object */;
}
